
Microsoft Visual Studio Solution File, Format Version 12.00
# Visual Studio Version 16
VisualStudioVersion = 16.0.30717.126
MinimumVisualStudioVersion = 10.0.40219.1
Project("{FAE04EC0-301F-11D3-BF4B-00C04F79EFBC}") = "StackOverflowPost", "StackOverflowPost\StackOverflowPost.csproj", "{205CFDD9-493A-457E-903F-ABD37EC3B432}"
EndProject
Global
	GlobalSection(SolutionConfigurationPlatforms) = preSolution
		Debug|Any CPU = Debug|Any CPU
		Release|Any CPU = Release|Any CPU
	EndGlobalSection
	GlobalSection(ProjectConfigurationPlatforms) = postSolution
		{205CFDD9-493A-457E-903F-ABD37EC3B432}.Debug|Any CPU.ActiveCfg = Debug|Any CPU
		{205CFDD9-493A-457E-903F-ABD37EC3B432}.Debug|Any CPU.Build.0 = Debug|Any CPU
		{205CFDD9-493A-457E-903F-ABD37EC3B432}.Release|Any CPU.ActiveCfg = Release|Any CPU
		{205CFDD9-493A-457E-903F-ABD37EC3B432}.Release|Any CPU.Build.0 = Release|Any CPU
	EndGlobalSection
	GlobalSection(SolutionProperties) = preSolution
		HideSolutionNode = FALSE
	EndGlobalSection
	GlobalSection(ExtensibilityGlobals) = postSolution
		SolutionGuid = {989347A2-F875-4103-AE12-23B42B687F6C}
	EndGlobalSection
EndGlobal
